Accanthis ADF Std
Accanthis ADF Std No2
Accanthis ADF Std No3
Amiri
Amiri Quran
Amiri Quran Colored
Andika
Arimo
AR PL KaitiM Big5,文鼎ＰＬ中楷
AR PL KaitiM GB,文鼎ＰＬ简中楷
AR PL Mingti2L Big5,文鼎ＰＬ細上海宋
AR PL SungtiL GB,文鼎ＰＬ简报宋
AR PL UMing CN
AR PL UMing HK
AR PL UMing TW
AR PL UMing TW MBE
Asana Math
Baekmuk Batang,백묵 바탕
Baekmuk Dotum,백묵 돋움
Baekmuk Gulim,백묵 굴림
Baekmuk Headline,백묵 헤드라인
Berenis ADF Pro
Berenis ADF Pro Math
Bitstream Charter
C059
Cabin
Caladea
Cantarell
Cantarell,Cantarell Extra Bold
Cantarell,Cantarell Light
Cantarell,Cantarell Thin
Carlito
Charis SIL
Clear Sans
Clear Sans Light
Clear Sans Medium
Clear Sans Thin
Comfortaa
Comfortaa,Comfortaa Light
Comic Neue
Comic Neue,Comic Neue Light
Courier
Cousine
D050000L
DejaVu Math TeX Gyre
DejaVu Sans
DejaVu Sans,DejaVu Sans Condensed
DejaVu Sans,DejaVu Sans Light
DejaVu Sans Mono
DejaVu Serif
DejaVu Serif,DejaVu Serif Condensed
EB Garamond 12 All SC
EB Garamond,EB Garamond 08
EB Garamond,EB Garamond 12
EB Garamond Initials
EB Garamond Initials Fill1
EB Garamond Initials Fill2
EB Garamond SC,EB Garamond SC 08
EB Garamond SC,EB Garamond SC 12
FontAwesome
FreeMono
FreeSans
FreeSerif
Garuda
Gentium
GentiumAlt
Gentium Basic
Gentium Book Basic
Gentium Book Plus
Gentium Plus
Gentium Plus Compact
GFS Artemisia
GFS Artemisia,GFS Didot
GFS Baskerville
GFS Complutum
GFS Didot
GFS Didot,GFS Didot Rg
GFS Neohellenic,GFS Neohellenic Rg
GFS Olga
GFS Porson
GFS Solomos
Gillius ADF
Gillius ADF,Gillius ADF Cond
Gillius ADF No2
Gillius ADF No2,Gillius ADF No2 Cond
Go
Go Medium
Go Mono
Go Smallcaps
Inter
Inter Display
Inter Display,Inter Display Black
Inter Display,Inter Display ExtraBold
Inter Display,Inter Display ExtraLight
Inter Display,Inter Display Light
Inter Display,Inter Display Medium
Inter Display,Inter Display SemiBold
Inter Display,Inter Display Thin
Inter,Inter Black
Inter,Inter ExtraBold
Inter,Inter ExtraLight
Inter,Inter Light
Inter,Inter Medium
Inter,Inter SemiBold
Inter,Inter Thin
Kinnari
Laksaman
Latin Modern Math
Latin Modern Mono Caps,LM Mono Caps 10
Latin Modern Mono Light Cond,LM Mono Light Cond 10
Latin Modern Mono Light,LM Mono Light 10
Latin Modern Mono,LM Mono 10
Latin Modern Mono,LM Mono 12
Latin Modern Mono,LM Mono 8
Latin Modern Mono,LM Mono 9
Latin Modern Mono Prop Light,LM Mono Prop Light 10
Latin Modern Mono Prop,LM Mono Prop 10
Latin Modern Mono Slanted,LM Mono Slanted 10
Latin Modern Roman Caps,LM Roman Caps 10
Latin Modern Roman Demi,LM Roman Demi 10
Latin Modern Roman Dunhill,LM Roman Dunhill 10
Latin Modern Roman,LM Roman 10
Latin Modern Roman,LM Roman 12
Latin Modern Roman,LM Roman 17
Latin Modern Roman,LM Roman 5
Latin Modern Roman,LM Roman 6
Latin Modern Roman,LM Roman 7
Latin Modern Roman,LM Roman 8
Latin Modern Roman,LM Roman 9
Latin Modern Roman Slanted,LM Roman Slanted 10
Latin Modern Roman Slanted,LM Roman Slanted 12
Latin Modern Roman Slanted,LM Roman Slanted 17
Latin Modern Roman Slanted,LM Roman Slanted 8
Latin Modern Roman Slanted,LM Roman Slanted 9
Latin Modern Roman Unslanted,LM Roman Unslanted 10
Latin Modern Sans Demi Cond,LM Sans Demi Cond 10
Latin Modern Sans,LM Sans 10
Latin Modern Sans,LM Sans 12
Latin Modern Sans,LM Sans 17
Latin Modern Sans,LM Sans 8
Latin Modern Sans,LM Sans 9
Latin Modern Sans Quotation,LM Sans Quot 8
Lato
Lato,Lato Black
Lato,Lato Hairline
Lato,Lato Heavy
Lato,Lato Light
Lato,Lato Medium
Lato,Lato Semibold
Lato,Lato Thin
Linux Biolinum Keyboard O
Linux Biolinum O
Linux Libertine Display O
Linux Libertine Initials O
Linux Libertine Mono O
Linux Libertine O
Lobster Two
Loma
Nimbus Mono PS
Nimbus Roman
Nimbus Sans
Nimbus Sans Narrow
Norasi
Noto Color Emoji
Noto Kufi Arabic
Noto Looped Lao,Noto Looped Lao Bold
Noto Looped Lao,Noto Looped Lao Regular
Noto Looped Thai,Noto Looped Thai Bold
Noto Looped Thai,Noto Looped Thai Regular
Noto Mono
Noto Music
Noto Naskh Arabic
Noto Nastaliq Urdu
Noto Rashi Hebrew
Noto Sans
Noto Sans Adlam
Noto Sans Adlam Unjoined
Noto Sans Anatolian Hieroglyphs,Noto Sans AnatoHiero
Noto Sans Arabic
Noto Sans Armenian
Noto Sans Avestan
Noto Sans Balinese
Noto Sans Bamum
Noto Sans Bassa Vah
Noto Sans Batak
Noto Sans Bengali
Noto Sans Bhaiksuki
Noto Sans Brahmi
Noto Sans Buginese
Noto Sans Buhid
Noto Sans Canadian Aboriginal,Noto Sans CanAborig
Noto Sans Carian
Noto Sans Caucasian Albanian,Noto Sans CaucAlban
Noto Sans Chakma
Noto Sans Cham
Noto Sans Cherokee
Noto Sans CJK HK
Noto Sans CJK JP
Noto Sans CJK KR
Noto Sans CJK SC
Noto Sans CJK TC
Noto Sans Coptic
Noto Sans Cuneiform
Noto Sans Cypriot
Noto Sans Deseret
Noto Sans Devanagari
Noto Sans Display
Noto Sans Duployan
Noto Sans Egyptian Hieroglyphs,Noto Sans EgyptHiero
Noto Sans Elbasan
Noto Sans Elymaic
Noto Sans Ethiopic
Noto Sans Georgian
Noto Sans Glagolitic
Noto Sans Gothic
Noto Sans Grantha
Noto Sans Gujarati
Noto Sans Gunjala Gondi
Noto Sans Gurmukhi
Noto Sans Hanifi Rohingya
Noto Sans Hanunoo
Noto Sans Hatran
Noto Sans Hebrew
Noto Sans Imperial Aramaic,Noto Sans ImpAramaic
Noto Sans Indic Siyaq Numbers
Noto Sans Inscriptional Pahlavi,Noto Sans InsPahlavi
Noto Sans Inscriptional Parthian,Noto Sans InsParthi
Noto Sans Javanese
Noto Sans Kaithi
Noto Sans Kannada
Noto Sans Kayah Li
Noto Sans Kharoshthi
Noto Sans Khmer
Noto Sans Khojki
Noto Sans Khudawadi
Noto Sans Lao
Noto Sans Lepcha
Noto Sans Limbu
Noto Sans Linear A
Noto Sans Linear B
Noto Sans Lisu
Noto Sans Lycian
Noto Sans Lydian
Noto Sans Mahajani
Noto Sans Malayalam
Noto Sans Mandaic
Noto Sans Manichaean
Noto Sans Marchen
Noto Sans Masaram Gondi
Noto Sans Math
Noto Sans Mayan Numerals
Noto Sans Medefaidrin
Noto Sans Meetei Mayek
Noto Sans Mende Kikakui
Noto Sans Meroitic
Noto Sans Miao
Noto Sans Modi
Noto Sans Mongolian
Noto Sans Mono
Noto Sans Mono CJK HK
Noto Sans Mono CJK JP
Noto Sans Mono CJK KR
Noto Sans Mono CJK SC
Noto Sans Mono CJK TC
Noto Sans Mro
Noto Sans Multani
Noto Sans Myanmar
Noto Sans Nabataean
Noto Sans Newa
Noto Sans New Tai Lue
Noto Sans NKo
Noto Sans Nushu
Noto Sans Ogham
Noto Sans Ol Chiki
Noto Sans Old Hungarian,Noto Sans OldHung
Noto Sans Old Italic
Noto Sans Old North Arabian,Noto Sans OldNorArab
Noto Sans Old Permic
Noto Sans Old Persian
Noto Sans Old Sogdian
Noto Sans Old South Arabian,Noto Sans OldSouArab
Noto Sans Old Turkic
Noto Sans Oriya
Noto Sans Osage
Noto Sans Osmanya
Noto Sans Pahawh Hmong
Noto Sans Palmyrene
Noto Sans Pau Cin Hau
Noto Sans PhagsPa
Noto Sans Phoenician
Noto Sans Psalter Pahlavi,Noto Sans PsaPahlavi
Noto Sans Rejang
Noto Sans Runic
Noto Sans Samaritan
Noto Sans Saurashtra
Noto Sans Sharada
Noto Sans Shavian
Noto Sans Siddham
Noto Sans SignWriting,Noto Sans SignWrit
Noto Sans Sinhala
Noto Sans Sogdian
Noto Sans Sora Sompeng
Noto Sans Soyombo
Noto Sans Sundanese
Noto Sans Syloti Nagri
Noto Sans Symbols
Noto Sans Symbols2
Noto Sans Syriac
Noto Sans Tagalog
Noto Sans Tagbanwa
Noto Sans Tai Le
Noto Sans Tai Tham
Noto Sans Tai Viet
Noto Sans Takri
Noto Sans Tamil
Noto Sans Tamil Supplement
Noto Sans Telugu
Noto Sans Thaana
Noto Sans Thai
Noto Sans Tifinagh
Noto Sans Tifinagh Adrar
Noto Sans Tifinagh Agraw Imazighen
Noto Sans Tifinagh Ahaggar
Noto Sans Tifinagh Air
Noto Sans Tifinagh APT
Noto Sans Tifinagh Azawagh
Noto Sans Tifinagh Ghat
Noto Sans Tifinagh Hawad
Noto Sans Tifinagh Rhissa Ixa
Noto Sans Tifinagh SIL
Noto Sans Tifinagh Tawellemmet
Noto Sans Tirhuta
Noto Sans Ugaritic
Noto Sans Vai
Noto Sans Wancho
Noto Sans Warang Citi
Noto Sans Yi
Noto Sans Zanabazar Square,Noto Sans Zanabazar
Noto Serif
Noto Serif Ahom
Noto Serif Armenian
Noto Serif Balinese
Noto Serif Bengali
Noto Serif CJK HK
Noto Serif CJK JP
Noto Serif CJK KR
Noto Serif CJK SC
Noto Serif CJK TC
Noto Serif Devanagari
Noto Serif Display
Noto Serif Dogra
Noto Serif Ethiopic
Noto Serif Georgian
Noto Serif Grantha
Noto Serif Gujarati
Noto Serif Gurmukhi
Noto Serif Hebrew
Noto Serif Hmong Nyiakeng
Noto Serif Kannada
Noto Serif Khmer
Noto Serif Khojki
Noto Serif Lao
Noto Serif Malayalam
Noto Serif Myanmar
Noto Serif Sinhala
Noto Serif Tamil
Noto Serif Tamil Slanted
Noto Serif Tangut
Noto Serif Telugu
Noto Serif Thai
Noto Serif Tibetan
Noto Serif Yezidi
Noto Traditional Nushu
Open Sans
Open Sans Condensed
Open Sans,Open Sans Condensed Light
Open Sans,Open Sans Extrabold
Open Sans,Open Sans Light
Open Sans,Open Sans Semibold
P052
Padauk
Padauk Book
PT Mono
PT Sans
PT Sans Caption
PT Sans Narrow
PT Serif
PT Serif Caption
Purisa
Roboto
Roboto Condensed
Roboto Condensed,Roboto Condensed Light
Roboto Condensed,Roboto Condensed Medium
Roboto,Roboto Black
Roboto,Roboto Light
Roboto,Roboto Medium
Roboto,Roboto Thin
Roboto Slab
Sawasdee
Standard Symbols PS
STIX
STIXGeneral
STIXIntegralsD
STIXIntegralsSm
STIXIntegralsUp
STIXIntegralsUpD
STIXIntegralsUpSm
STIX Math
STIXNonUnicode
STIXSizeFiveSym
STIXSizeFourSym
STIXSizeOneSym
STIXSizeThreeSym
STIXSizeTwoSym
STIXVariants
TeXGyreAdventor
TeXGyreBonum
TeXGyreChorus
TeXGyreCursor
TeXGyreHeros
TeXGyreHerosCondensed
TeXGyrePagella
TeXGyreSchola
TeXGyreTermes
Tinos
Tlwg Mono
Tlwg Typewriter
Tlwg Typist
Tlwg Typo
Umpush
UnBatang,은 바탕
UnDinaru,은 디나루
UnDotum,은 돋움
UnGraphic,은 그래픽
UnGungseo,은 궁서
Universalis ADF Std
Universalis ADF Std,Universalis ADF Std cond
UnJamoBatang,은 자모 바탕
UnJamoDotum,은 자모 돋움
UnJamoNovel,은 자모 노벨
UnJamoSora,은 자모 소라
UnPen,은 펜
UnPenheulim,은 펜흘림
UnPilgi,은 필기
UnPilgia,은 필기a
UnShinmun,은 신문
UnTaza,은 타자
UnVada,은 바다
UnYetgul,은 옛글
URW Bookman
URW Gothic
Utopia
Waree
Z003
